
Microsoft Visual Studio Solution File, Format Version 12.00
# Visual Studio Version 17
VisualStudioVersion = 17.7.34221.43
MinimumVisualStudioVersion = 10.0.40219.1
Project("{FAE04EC0-301F-11D3-BF4B-00C04F79EFBC}") = "Bucci.Marco.4I.Stampante", "Bucci.Marco.4I.Stampante\Bucci.Marco.4I.Stampante.csproj", "{A42086F8-32B2-48A1-A440-3CAEE4B5F25F}"
EndProject
Global
	GlobalSection(SolutionConfigurationPlatforms) = preSolution
		Debug|Any CPU = Debug|Any CPU
		Release|Any CPU = Release|Any CPU
	EndGlobalSection
	GlobalSection(ProjectConfigurationPlatforms) = postSolution
		{A42086F8-32B2-48A1-A440-3CAEE4B5F25F}.Debug|Any CPU.ActiveCfg = Debug|Any CPU
		{A42086F8-32B2-48A1-A440-3CAEE4B5F25F}.Debug|Any CPU.Build.0 = Debug|Any CPU
		{A42086F8-32B2-48A1-A440-3CAEE4B5F25F}.Release|Any CPU.ActiveCfg = Release|Any CPU
		{A42086F8-32B2-48A1-A440-3CAEE4B5F25F}.Release|Any CPU.Build.0 = Release|Any CPU
	EndGlobalSection
	GlobalSection(SolutionProperties) = preSolution
		HideSolutionNode = FALSE
	EndGlobalSection
	GlobalSection(ExtensibilityGlobals) = postSolution
		SolutionGuid = {815BA67C-149A-41FF-83B0-7E10ED8F57B5}
	EndGlobalSection
EndGlobal
